
Microsoft Visual Studio Solution File, Format Version 12.00
# Visual Studio 15
VisualStudioVersion = 15.0.28307.136
MinimumVisualStudioVersion = 10.0.40219.1
Project("{FAE04EC0-301F-11D3-BF4B-00C04F79EFBC}") = "FolderHierarchy", "FolderHierarchy\FolderHierarchy.csproj", "{72B1EC2E-8659-456A-90AC-CC38799B0ACF}"
EndProject
Global
	GlobalSection(SolutionConfigurationPlatforms) = preSolution
		Debug|Any CPU = Debug|Any CPU
		Release|Any CPU = Release|Any CPU
	EndGlobalSection
	GlobalSection(ProjectConfigurationPlatforms) = postSolution
		{72B1EC2E-8659-456A-90AC-CC38799B0ACF}.Debug|Any CPU.ActiveCfg = Debug|Any CPU
		{72B1EC2E-8659-456A-90AC-CC38799B0ACF}.Debug|Any CPU.Build.0 = Debug|Any CPU
		{72B1EC2E-8659-456A-90AC-CC38799B0ACF}.Release|Any CPU.ActiveCfg = Release|Any CPU
		{72B1EC2E-8659-456A-90AC-CC38799B0ACF}.Release|Any CPU.Build.0 = Release|Any CPU
	EndGlobalSection
	GlobalSection(SolutionProperties) = preSolution
		HideSolutionNode = FALSE
	EndGlobalSection
	GlobalSection(ExtensibilityGlobals) = postSolution
		SolutionGuid = {305E0C5C-DAC9-4CF9-935D-B7416EE6E92C}
	EndGlobalSection
EndGlobal
